
Microsoft Visual Studio Solution File, Format Version 12.00
# Visual Studio Version 17
VisualStudioVersion = 17.9.34723.18
MinimumVisualStudioVersion = 10.0.40219.1
Project("{8BC9CEB8-8B4A-11D0-8D11-00A0C91BC942}") = "tests", "tests\tests.vcxproj", "{AE34AEE1-5356-4DF4-846C-7A962F8FE758}"
EndProject
Global
	GlobalSection(SolutionConfigurationPlatforms) = preSolution
		Debug|x64 = Debug|x64
		Release|x64 = Release|x64
	EndGlobalSection
	GlobalSection(ProjectConfigurationPlatforms) = postSolution
		{AE34AEE1-5356-4DF4-846C-7A962F8FE758}.Debug|x64.ActiveCfg = Debug|x64
		{AE34AEE1-5356-4DF4-846C-7A962F8FE758}.Debug|x64.Build.0 = Debug|x64
		{AE34AEE1-5356-4DF4-846C-7A962F8FE758}.Release|x64.ActiveCfg = Release|x64
		{AE34AEE1-5356-4DF4-846C-7A962F8FE758}.Release|x64.Build.0 = Release|x64
	EndGlobalSection
	GlobalSection(SolutionProperties) = preSolution
		HideSolutionNode = FALSE
	EndGlobalSection
	GlobalSection(ExtensibilityGlobals) = postSolution
		SolutionGuid = {79B4A248-C2DD-43F7-9309-45EDCC15B242}
	EndGlobalSection
EndGlobal
